
Microsoft Visual Studio Solution File, Format Version 12.00
# Visual Studio Version 17
VisualStudioVersion = 17.9.34728.123
MinimumVisualStudioVersion = 10.0.40219.1
Project("{FAE04EC0-301F-11D3-BF4B-00C04F79EFBC}") = "MainForm", "MainForm.csproj", "{C7509544-A6F3-4EB8-9D3F-CF957C60395E}"
EndProject
Global
	GlobalSection(SolutionConfigurationPlatforms) = preSolution
		Debug|Any CPU = Debug|Any CPU
		Release|Any CPU = Release|Any CPU
	EndGlobalSection
	GlobalSection(ProjectConfigurationPlatforms) = postSolution
		{C7509544-A6F3-4EB8-9D3F-CF957C60395E}.Debug|Any CPU.ActiveCfg = Debug|Any CPU
		{C7509544-A6F3-4EB8-9D3F-CF957C60395E}.Debug|Any CPU.Build.0 = Debug|Any CPU
		{C7509544-A6F3-4EB8-9D3F-CF957C60395E}.Release|Any CPU.ActiveCfg = Release|Any CPU
		{C7509544-A6F3-4EB8-9D3F-CF957C60395E}.Release|Any CPU.Build.0 = Release|Any CPU
	EndGlobalSection
	GlobalSection(SolutionProperties) = preSolution
		HideSolutionNode = FALSE
	EndGlobalSection
	GlobalSection(ExtensibilityGlobals) = postSolution
		SolutionGuid = {08B52F46-1B48-43F7-BF57-7EA444853DAF}
	EndGlobalSection
EndGlobal
